
Microsoft Visual Studio Solution File, Format Version 12.00
# Visual Studio Version 17
VisualStudioVersion = 17.3.32825.248
MinimumVisualStudioVersion = 10.0.40219.1
Project("{FAE04EC0-301F-11D3-BF4B-00C04F79EFBC}") = "SE400.N22.PMCL", "SE400.N22.PMCL\SE400.N22.PMCL.csproj", "{20743544-D93D-4108-89E9-9D240F1057DD}"
EndProject
Global
	GlobalSection(SolutionConfigurationPlatforms) = preSolution
		Debug|Any CPU = Debug|Any CPU
		Release|Any CPU = Release|Any CPU
	EndGlobalSection
	GlobalSection(ProjectConfigurationPlatforms) = postSolution
		{20743544-D93D-4108-89E9-9D240F1057DD}.Debug|Any CPU.ActiveCfg = Debug|Any CPU
		{20743544-D93D-4108-89E9-9D240F1057DD}.Debug|Any CPU.Build.0 = Debug|Any CPU
		{20743544-D93D-4108-89E9-9D240F1057DD}.Release|Any CPU.ActiveCfg = Release|Any CPU
		{20743544-D93D-4108-89E9-9D240F1057DD}.Release|Any CPU.Build.0 = Release|Any CPU
	EndGlobalSection
	GlobalSection(SolutionProperties) = preSolution
		HideSolutionNode = FALSE
	EndGlobalSection
	GlobalSection(ExtensibilityGlobals) = postSolution
		SolutionGuid = {11049A09-EAFB-45C3-A009-BADD17E5891A}
	EndGlobalSection
EndGlobal
